
Microsoft Visual Studio Solution File, Format Version 12.00
# Visual Studio Version 17
VisualStudioVersion = 17.13.35913.81
MinimumVisualStudioVersion = 10.0.40219.1
Project("{FAE04EC0-301F-11D3-BF4B-00C04F79EFBC}") = "XmlConverter.Api", "XmlConverter.Api\XmlConverter.Api.csproj", "{EF5B133C-7378-47FD-AC9C-32F63B975F4D}"
EndProject
Project("{2150E333-8FDC-42A3-9474-1A3956D46DE8}") = "src", "src", "{02EA681E-C7D8-13C7-8484-4AC65E1B71E8}"
EndProject
Project("{2150E333-8FDC-42A3-9474-1A3956D46DE8}") = "Presentation", "Presentation", "{A79A641A-F611-4EE6-8841-C6B828BDEC9C}"
EndProject
Project("{2150E333-8FDC-42A3-9474-1A3956D46DE8}") = "Domain", "Domain", "{C0E1B1DE-09F7-4ADC-91A1-174750D0017D}"
EndProject
Project("{2150E333-8FDC-42A3-9474-1A3956D46DE8}") = "Application", "Application", "{A9CD62C7-4D1A-44B1-A49D-1D28A76EEB01}"
EndProject
Project("{2150E333-8FDC-42A3-9474-1A3956D46DE8}") = "Infrastructure", "Infrastructure", "{66DFBA13-506B-49FA-B052-6CDFC695EE07}"
EndProject
Project("{2150E333-8FDC-42A3-9474-1A3956D46DE8}") = "Api", "Api", "{C4E3DBAC-05A4-41D8-BD35-0640BC67E23D}"
EndProject
Project("{2150E333-8FDC-42A3-9474-1A3956D46DE8}") = "UI", "UI", "{EAB0F9CB-633B-48F1-ACCF-BB908137A683}"
EndProject
Project("{FAE04EC0-301F-11D3-BF4B-00C04F79EFBC}") = "XmlConverter.UI", "XmlConverter.UI\XmlConverter.UI.csproj", "{8B9C6413-EE8F-45E8-9CE3-15CD53B503EA}"
EndProject
Project("{FAE04EC0-301F-11D3-BF4B-00C04F79EFBC}") = "XmlConverter.Application", "XmlConverter.Application\XmlConverter.Application.csproj", "{91F60B89-B0CD-4C61-8BB1-0F30757EF6B3}"
EndProject
Project("{FAE04EC0-301F-11D3-BF4B-00C04F79EFBC}") = "XmlConverter.Domain", "XmlConverter.Domain\XmlConverter.Domain.csproj", "{D3226779-10AB-4F0D-83AE-CD2B7A8E8A38}"
EndProject
Project("{FAE04EC0-301F-11D3-BF4B-00C04F79EFBC}") = "XmlConverter.Database", "XmlConverter.Database\XmlConverter.Database.csproj", "{824379A8-4EAE-422B-97D1-9DF02709E907}"
EndProject
Project("{FAE04EC0-301F-11D3-BF4B-00C04F79EFBC}") = "XmlConverter.Persistance", "XmlConverter.Persistance\XmlConverter.Persistance.csproj", "{C3FEAAB0-8F9D-4C85-9650-C0FDADD2CBC0}"
EndProject
Project("{FAE04EC0-301F-11D3-BF4B-00C04F79EFBC}") = "XmlConverter.UI.Infrastructure", "XmlConverter.UI.Infrastructure\XmlConverter.UI.Infrastructure.csproj", "{0A4219FA-5AA1-4F5E-A34B-66CA21FE942D}"
EndProject
Project("{2150E333-8FDC-42A3-9474-1A3956D46DE8}") = "test", "test", "{8963E878-C380-4BDE-BC48-9E8F2BBBBE86}"
EndProject
Project("{FAE04EC0-301F-11D3-BF4B-00C04F79EFBC}") = "XmlConverter.Tests", "XmlConverter.Tests\XmlConverter.Tests.csproj", "{9B618EB6-0F79-47DE-8B16-C9424D776228}"
EndProject
Global
	GlobalSection(SolutionConfigurationPlatforms) = preSolution
		Debug|Any CPU = Debug|Any CPU
		Release|Any CPU = Release|Any CPU
	EndGlobalSection
	GlobalSection(ProjectConfigurationPlatforms) = postSolution
		{EF5B133C-7378-47FD-AC9C-32F63B975F4D}.Debug|Any CPU.ActiveCfg = Debug|Any CPU
		{EF5B133C-7378-47FD-AC9C-32F63B975F4D}.Debug|Any CPU.Build.0 = Debug|Any CPU
		{EF5B133C-7378-47FD-AC9C-32F63B975F4D}.Release|Any CPU.ActiveCfg = Release|Any CPU
		{EF5B133C-7378-47FD-AC9C-32F63B975F4D}.Release|Any CPU.Build.0 = Release|Any CPU
		{8B9C6413-EE8F-45E8-9CE3-15CD53B503EA}.Debug|Any CPU.ActiveCfg = Debug|Any CPU
		{8B9C6413-EE8F-45E8-9CE3-15CD53B503EA}.Debug|Any CPU.Build.0 = Debug|Any CPU
		{8B9C6413-EE8F-45E8-9CE3-15CD53B503EA}.Release|Any CPU.ActiveCfg = Release|Any CPU
		{8B9C6413-EE8F-45E8-9CE3-15CD53B503EA}.Release|Any CPU.Build.0 = Release|Any CPU
		{91F60B89-B0CD-4C61-8BB1-0F30757EF6B3}.Debug|Any CPU.ActiveCfg = Debug|Any CPU
		{91F60B89-B0CD-4C61-8BB1-0F30757EF6B3}.Debug|Any CPU.Build.0 = Debug|Any CPU
		{91F60B89-B0CD-4C61-8BB1-0F30757EF6B3}.Release|Any CPU.ActiveCfg = Release|Any CPU
		{91F60B89-B0CD-4C61-8BB1-0F30757EF6B3}.Release|Any CPU.Build.0 = Release|Any CPU
		{D3226779-10AB-4F0D-83AE-CD2B7A8E8A38}.Debug|Any CPU.ActiveCfg = Debug|Any CPU
		{D3226779-10AB-4F0D-83AE-CD2B7A8E8A38}.Debug|Any CPU.Build.0 = Debug|Any CPU
		{D3226779-10AB-4F0D-83AE-CD2B7A8E8A38}.Release|Any CPU.ActiveCfg = Release|Any CPU
		{D3226779-10AB-4F0D-83AE-CD2B7A8E8A38}.Release|Any CPU.Build.0 = Release|Any CPU
		{824379A8-4EAE-422B-97D1-9DF02709E907}.Debug|Any CPU.ActiveCfg = Debug|Any CPU
		{824379A8-4EAE-422B-97D1-9DF02709E907}.Debug|Any CPU.Build.0 = Debug|Any CPU
		{824379A8-4EAE-422B-97D1-9DF02709E907}.Release|Any CPU.ActiveCfg = Release|Any CPU
		{824379A8-4EAE-422B-97D1-9DF02709E907}.Release|Any CPU.Build.0 = Release|Any CPU
		{C3FEAAB0-8F9D-4C85-9650-C0FDADD2CBC0}.Debug|Any CPU.ActiveCfg = Debug|Any CPU
		{C3FEAAB0-8F9D-4C85-9650-C0FDADD2CBC0}.Debug|Any CPU.Build.0 = Debug|Any CPU
		{C3FEAAB0-8F9D-4C85-9650-C0FDADD2CBC0}.Release|Any CPU.ActiveCfg = Release|Any CPU
		{C3FEAAB0-8F9D-4C85-9650-C0FDADD2CBC0}.Release|Any CPU.Build.0 = Release|Any CPU
		{0A4219FA-5AA1-4F5E-A34B-66CA21FE942D}.Debug|Any CPU.ActiveCfg = Debug|Any CPU
		{0A4219FA-5AA1-4F5E-A34B-66CA21FE942D}.Debug|Any CPU.Build.0 = Debug|Any CPU
		{0A4219FA-5AA1-4F5E-A34B-66CA21FE942D}.Release|Any CPU.ActiveCfg = Release|Any CPU
		{0A4219FA-5AA1-4F5E-A34B-66CA21FE942D}.Release|Any CPU.Build.0 = Release|Any CPU
		{9B618EB6-0F79-47DE-8B16-C9424D776228}.Debug|Any CPU.ActiveCfg = Debug|Any CPU
		{9B618EB6-0F79-47DE-8B16-C9424D776228}.Debug|Any CPU.Build.0 = Debug|Any CPU
		{9B618EB6-0F79-47DE-8B16-C9424D776228}.Release|Any CPU.ActiveCfg = Release|Any CPU
		{9B618EB6-0F79-47DE-8B16-C9424D776228}.Release|Any CPU.Build.0 = Release|Any CPU
	EndGlobalSection
	GlobalSection(SolutionProperties) = preSolution
		HideSolutionNode = FALSE
	EndGlobalSection
	GlobalSection(NestedProjects) = preSolution
		{EF5B133C-7378-47FD-AC9C-32F63B975F4D} = {C4E3DBAC-05A4-41D8-BD35-0640BC67E23D}
		{A79A641A-F611-4EE6-8841-C6B828BDEC9C} = {02EA681E-C7D8-13C7-8484-4AC65E1B71E8}
		{C0E1B1DE-09F7-4ADC-91A1-174750D0017D} = {02EA681E-C7D8-13C7-8484-4AC65E1B71E8}
		{A9CD62C7-4D1A-44B1-A49D-1D28A76EEB01} = {02EA681E-C7D8-13C7-8484-4AC65E1B71E8}
		{66DFBA13-506B-49FA-B052-6CDFC695EE07} = {02EA681E-C7D8-13C7-8484-4AC65E1B71E8}
		{C4E3DBAC-05A4-41D8-BD35-0640BC67E23D} = {A79A641A-F611-4EE6-8841-C6B828BDEC9C}
		{EAB0F9CB-633B-48F1-ACCF-BB908137A683} = {A79A641A-F611-4EE6-8841-C6B828BDEC9C}
		{8B9C6413-EE8F-45E8-9CE3-15CD53B503EA} = {EAB0F9CB-633B-48F1-ACCF-BB908137A683}
		{91F60B89-B0CD-4C61-8BB1-0F30757EF6B3} = {A9CD62C7-4D1A-44B1-A49D-1D28A76EEB01}
		{D3226779-10AB-4F0D-83AE-CD2B7A8E8A38} = {C0E1B1DE-09F7-4ADC-91A1-174750D0017D}
		{824379A8-4EAE-422B-97D1-9DF02709E907} = {66DFBA13-506B-49FA-B052-6CDFC695EE07}
		{C3FEAAB0-8F9D-4C85-9650-C0FDADD2CBC0} = {66DFBA13-506B-49FA-B052-6CDFC695EE07}
		{0A4219FA-5AA1-4F5E-A34B-66CA21FE942D} = {EAB0F9CB-633B-48F1-ACCF-BB908137A683}
		{9B618EB6-0F79-47DE-8B16-C9424D776228} = {8963E878-C380-4BDE-BC48-9E8F2BBBBE86}
	EndGlobalSection
	GlobalSection(ExtensibilityGlobals) = postSolution
		SolutionGuid = {1E6DD3D4-2998-44E7-BB93-B837A78C70F4}
	EndGlobalSection
EndGlobal
